
Microsoft Visual Studio Solution File, Format Version 12.00
# Visual Studio Version 16
VisualStudioVersion = 16.0.31205.134
MinimumVisualStudioVersion = 10.0.40219.1
Project("{9A19103F-16F7-4668-BE54-9A1E7A4F7556}") = "DIO.Bank", "DIO.Bank.csproj", "{5C688896-F9FB-4A6F-A810-C65E153584C5}"
EndProject
Global
	GlobalSection(SolutionConfigurationPlatforms) = preSolution
		Debug|Any CPU = Debug|Any CPU
		Release|Any CPU = Release|Any CPU
	EndGlobalSection
	GlobalSection(ProjectConfigurationPlatforms) = postSolution
		{5C688896-F9FB-4A6F-A810-C65E153584C5}.Debug|Any CPU.ActiveCfg = Debug|Any CPU
		{5C688896-F9FB-4A6F-A810-C65E153584C5}.Debug|Any CPU.Build.0 = Debug|Any CPU
		{5C688896-F9FB-4A6F-A810-C65E153584C5}.Release|Any CPU.ActiveCfg = Release|Any CPU
		{5C688896-F9FB-4A6F-A810-C65E153584C5}.Release|Any CPU.Build.0 = Release|Any CPU
	EndGlobalSection
	GlobalSection(SolutionProperties) = preSolution
		HideSolutionNode = FALSE
	EndGlobalSection
	GlobalSection(ExtensibilityGlobals) = postSolution
		SolutionGuid = {6D2B188B-09FD-4612-BF3D-D87E86D03F43}
	EndGlobalSection
EndGlobal
